
Microsoft Visual Studio Solution File, Format Version 12.00
# Visual Studio Version 16
VisualStudioVersion = 16.0.31702.278
MinimumVisualStudioVersion = 10.0.40219.1
Project("{FAE04EC0-301F-11D3-BF4B-00C04F79EFBC}") = "Lab_13", "Lab_13.csproj", "{4B964E4F-CEB2-44DE-B40A-84D8852E5EBE}"
EndProject
Project("{FAE04EC0-301F-11D3-BF4B-00C04F79EFBC}") = "Lab_12", "..\Lab_13\Lab_12.csproj", "{4A76BB7F-62BE-4472-B109-372761F53263}"
EndProject
Project("{FAE04EC0-301F-11D3-BF4B-00C04F79EFBC}") = "Sorting", "..\Sorting\Sorting.csproj", "{6DAC79FF-BF60-4C45-99D7-259F2F619264}"
EndProject
Project("{FAE04EC0-301F-11D3-BF4B-00C04F79EFBC}") = "TaskManager", "..\TaskManager\TaskManager.csproj", "{252F2836-E47D-4E69-AA69-5D78D7034118}"
EndProject
Project("{FAE04EC0-301F-11D3-BF4B-00C04F79EFBC}") = "Tasks", "..\Tasks\Tasks.csproj", "{D09BC656-CEDE-4447-BD13-0A7B5F2D4904}"
EndProject
Project("{2150E333-8FDC-42A3-9474-1A3956D46DE8}") = "labs_11_12", "labs_11_12", "{76D59853-EE69-4F67-91EB-242DAE221681}"
EndProject
Global
	GlobalSection(SolutionConfigurationPlatforms) = preSolution
		Debug|Any CPU = Debug|Any CPU
		Release|Any CPU = Release|Any CPU
	EndGlobalSection
	GlobalSection(ProjectConfigurationPlatforms) = postSolution
		{4B964E4F-CEB2-44DE-B40A-84D8852E5EBE}.Debug|Any CPU.ActiveCfg = Debug|Any CPU
		{4B964E4F-CEB2-44DE-B40A-84D8852E5EBE}.Debug|Any CPU.Build.0 = Debug|Any CPU
		{4B964E4F-CEB2-44DE-B40A-84D8852E5EBE}.Release|Any CPU.ActiveCfg = Release|Any CPU
		{4B964E4F-CEB2-44DE-B40A-84D8852E5EBE}.Release|Any CPU.Build.0 = Release|Any CPU
		{4A76BB7F-62BE-4472-B109-372761F53263}.Debug|Any CPU.ActiveCfg = Debug|Any CPU
		{4A76BB7F-62BE-4472-B109-372761F53263}.Debug|Any CPU.Build.0 = Debug|Any CPU
		{4A76BB7F-62BE-4472-B109-372761F53263}.Release|Any CPU.ActiveCfg = Release|Any CPU
		{4A76BB7F-62BE-4472-B109-372761F53263}.Release|Any CPU.Build.0 = Release|Any CPU
		{6DAC79FF-BF60-4C45-99D7-259F2F619264}.Debug|Any CPU.ActiveCfg = Debug|Any CPU
		{6DAC79FF-BF60-4C45-99D7-259F2F619264}.Debug|Any CPU.Build.0 = Debug|Any CPU
		{6DAC79FF-BF60-4C45-99D7-259F2F619264}.Release|Any CPU.ActiveCfg = Release|Any CPU
		{6DAC79FF-BF60-4C45-99D7-259F2F619264}.Release|Any CPU.Build.0 = Release|Any CPU
		{252F2836-E47D-4E69-AA69-5D78D7034118}.Debug|Any CPU.ActiveCfg = Debug|Any CPU
		{252F2836-E47D-4E69-AA69-5D78D7034118}.Debug|Any CPU.Build.0 = Debug|Any CPU
		{252F2836-E47D-4E69-AA69-5D78D7034118}.Release|Any CPU.ActiveCfg = Release|Any CPU
		{252F2836-E47D-4E69-AA69-5D78D7034118}.Release|Any CPU.Build.0 = Release|Any CPU
		{D09BC656-CEDE-4447-BD13-0A7B5F2D4904}.Debug|Any CPU.ActiveCfg = Debug|Any CPU
		{D09BC656-CEDE-4447-BD13-0A7B5F2D4904}.Debug|Any CPU.Build.0 = Debug|Any CPU
		{D09BC656-CEDE-4447-BD13-0A7B5F2D4904}.Release|Any CPU.ActiveCfg = Release|Any CPU
		{D09BC656-CEDE-4447-BD13-0A7B5F2D4904}.Release|Any CPU.Build.0 = Release|Any CPU
	EndGlobalSection
	GlobalSection(SolutionProperties) = preSolution
		HideSolutionNode = FALSE
	EndGlobalSection
	GlobalSection(NestedProjects) = preSolution
		{4B964E4F-CEB2-44DE-B40A-84D8852E5EBE} = {76D59853-EE69-4F67-91EB-242DAE221681}
		{4A76BB7F-62BE-4472-B109-372761F53263} = {76D59853-EE69-4F67-91EB-242DAE221681}
		{6DAC79FF-BF60-4C45-99D7-259F2F619264} = {76D59853-EE69-4F67-91EB-242DAE221681}
	EndGlobalSection
	GlobalSection(ExtensibilityGlobals) = postSolution
		SolutionGuid = {7A46096E-8229-4519-9FC7-DC0250EEE924}
	EndGlobalSection
EndGlobal
